// !$*UTF8*$!
{
	archiveVersion = 1;
	classes = {
	};
	objectVersion = 46;
	objects = {

/* Begin PBXBuildFile section */
		5131C8F11E935E4D00CF5FFA /* BusinessService.swift in Sources */ = {isa = PBXBuildFile; fileRef = 5131C8E41E935E4D00CF5FFA /* BusinessService.swift */; };
		5131C8F21E935E4D00CF5FFA /* NSData+Convert.swift in Sources */ = {isa = PBXBuildFile; fileRef = 5131C8E61E935E4D00CF5FFA /* NSData+Convert.swift */; };
		5131C8F31E935E4D00CF5FFA /* NSObject+NameOfClass.swift in Sources */ = {isa = PBXBuildFile; fileRef = 5131C8E71E935E4D00CF5FFA /* NSObject+NameOfClass.swift */; };
		5131C8F41E935E4D00CF5FFA /* ActionRequest_ApiService.swift in Sources */ = {isa = PBXBuildFile; fileRef = 5131C8EA1E935E4D00CF5FFA /* ActionRequest_ApiService.swift */; };
		5131C8F51E935E4D00CF5FFA /* ActionRequest_BService.swift in Sources */ = {isa = PBXBuildFile; fileRef = 5131C8EB1E935E4D00CF5FFA /* ActionRequest_BService.swift */; };
		5131C8F61E935E4D00CF5FFA /* ApiService.swift in Sources */ = {isa = PBXBuildFile; fileRef = 5131C8EC1E935E4D00CF5FFA /* ApiService.swift */; };
		5131C8F71E935E4D00CF5FFA /* Loader_ApiService.swift in Sources */ = {isa = PBXBuildFile; fileRef = 5131C8ED1E935E4D00CF5FFA /* Loader_ApiService.swift */; };
		5131C8F81E935E4D00CF5FFA /* Loader_BService.swift in Sources */ = {isa = PBXBuildFile; fileRef = 5131C8EE1E935E4D00CF5FFA /* Loader_BService.swift */; };
		5131C8F91E935E4D00CF5FFA /* ServiceListener.swift in Sources */ = {isa = PBXBuildFile; fileRef = 5131C8EF1E935E4D00CF5FFA /* ServiceListener.swift */; };
		5131C8FA1E935E4D00CF5FFA /* ServiceResponse.swift in Sources */ = {isa = PBXBuildFile; fileRef = 5131C8F01E935E4D00CF5FFA /* ServiceResponse.swift */; };
		5179D76A1E8B9C8600D5B38D /* Main.storyboard in Resources */ = {isa = PBXBuildFile; fileRef = 5179D7681E8B9C8600D5B38D /* Main.storyboard */; };
		5179D76C1E8B9C8600D5B38D /* Assets.xcassets in Resources */ = {isa = PBXBuildFile; fileRef = 5179D76B1E8B9C8600D5B38D /* Assets.xcassets */; };
		5179D76F1E8B9C8600D5B38D /* LaunchScreen.storyboard in Resources */ = {isa = PBXBuildFile; fileRef = 5179D76D1E8B9C8600D5B38D /* LaunchScreen.storyboard */; };
		5179D77A1E8B9C8700D5B38D /* CoreSwiftLibTests.swift in Sources */ = {isa = PBXBuildFile; fileRef = 5179D7791E8B9C8700D5B38D /* CoreSwiftLibTests.swift */; };
		5179D7851E8BCCD100D5B38D /* TestSwift.swift in Sources */ = {isa = PBXBuildFile; fileRef = 5179D7841E8BCCD100D5B38D /* TestSwift.swift */; };
		5179D7961E8BCF6600D5B38D /* AppDelegate.swift in Sources */ = {isa = PBXBuildFile; fileRef = 5179D7941E8BCF6600D5B38D /* AppDelegate.swift */; };
		5179D7971E8BCF6600D5B38D /* ViewController.swift in Sources */ = {isa = PBXBuildFile; fileRef = 5179D7951E8BCF6600D5B38D /* ViewController.swift */; };
		5179D7981E8BCF6D00D5B38D /* AppDelegate.swift in Sources */ = {isa = PBXBuildFile; fileRef = 5179D7941E8BCF6600D5B38D /* AppDelegate.swift */; };
		5179D7991E8BCF6D00D5B38D /* ViewController.swift in Sources */ = {isa = PBXBuildFile; fileRef = 5179D7951E8BCF6600D5B38D /* ViewController.swift */; };
/* End PBXBuildFile section */

/* Begin PBXContainerItemProxy section */
		5179D7761E8B9C8700D5B38D /* PBXContainerItemProxy */ = {
			isa = PBXContainerItemProxy;
			containerPortal = 5179D7591E8B9C8600D5B38D /* Project object */;
			proxyType = 1;
			remoteGlobalIDString = 5179D7601E8B9C8600D5B38D;
			remoteInfo = CoreSwiftLib;
		};
/* End PBXContainerItemProxy section */

/* Begin PBXFileReference section */
		5131C8E41E935E4D00CF5FFA /* BusinessService.swift */ = {isa = PBXFileReference; fileEncoding = 4; lastKnownFileType = sourcecode.swift; path = BusinessService.swift; sourceTree = "<group>"; };
		5131C8E61E935E4D00CF5FFA /* NSData+Convert.swift */ = {isa = PBXFileReference; fileEncoding = 4; lastKnownFileType = sourcecode.swift; path = "NSData+Convert.swift"; sourceTree = "<group>"; };
		5131C8E71E935E4D00CF5FFA /* NSObject+NameOfClass.swift */ = {isa = PBXFileReference; fileEncoding = 4; lastKnownFileType = sourcecode.swift; path = "NSObject+NameOfClass.swift"; sourceTree = "<group>"; };
		5131C8EA1E935E4D00CF5FFA /* ActionRequest_ApiService.swift */ = {isa = PBXFileReference; fileEncoding = 4; lastKnownFileType = sourcecode.swift; path = ActionRequest_ApiService.swift; sourceTree = "<group>"; };
		5131C8EB1E935E4D00CF5FFA /* ActionRequest_BService.swift */ = {isa = PBXFileReference; fileEncoding = 4; lastKnownFileType = sourcecode.swift; path = ActionRequest_BService.swift; sourceTree = "<group>"; };
		5131C8EC1E935E4D00CF5FFA /* ApiService.swift */ = {isa = PBXFileReference; fileEncoding = 4; lastKnownFileType = sourcecode.swift; path = ApiService.swift; sourceTree = "<group>"; };
		5131C8ED1E935E4D00CF5FFA /* Loader_ApiService.swift */ = {isa = PBXFileReference; fileEncoding = 4; lastKnownFileType = sourcecode.swift; path = Loader_ApiService.swift; sourceTree = "<group>"; };
		5131C8EE1E935E4D00CF5FFA /* Loader_BService.swift */ = {isa = PBXFileReference; fileEncoding = 4; lastKnownFileType = sourcecode.swift; path = Loader_BService.swift; sourceTree = "<group>"; };
		5131C8EF1E935E4D00CF5FFA /* ServiceListener.swift */ = {isa = PBXFileReference; fileEncoding = 4; lastKnownFileType = sourcecode.swift; path = ServiceListener.swift; sourceTree = "<group>"; };
		5131C8F01E935E4D00CF5FFA /* ServiceResponse.swift */ = {isa = PBXFileReference; fileEncoding = 4; lastKnownFileType = sourcecode.swift; path = ServiceResponse.swift; sourceTree = "<group>"; };
		5179D7611E8B9C8600D5B38D /* CoreSwiftLib.app */ = {isa = PBXFileReference; explicitFileType = wrapper.application; includeInIndex = 0; path = CoreSwiftLib.app; sourceTree = BUILT_PRODUCTS_DIR; };
		5179D7691E8B9C8600D5B38D /* Base */ = {isa = PBXFileReference; lastKnownFileType = file.storyboard; name = Base; path = Base.lproj/Main.storyboard; sourceTree = "<group>"; };
		5179D76B1E8B9C8600D5B38D /* Assets.xcassets */ = {isa = PBXFileReference; lastKnownFileType = folder.assetcatalog; path = Assets.xcassets; sourceTree = "<group>"; };
		5179D76E1E8B9C8600D5B38D /* Base */ = {isa = PBXFileReference; lastKnownFileType = file.storyboard; name = Base; path = Base.lproj/LaunchScreen.storyboard; sourceTree = "<group>"; };
		5179D7751E8B9C8700D5B38D /* CoreSwiftLibTests.xctest */ = {isa = PBXFileReference; explicitFileType = wrapper.cfbundle; includeInIndex = 0; path = CoreSwiftLibTests.xctest; sourceTree = BUILT_PRODUCTS_DIR; };
		5179D7791E8B9C8700D5B38D /* CoreSwiftLibTests.swift */ = {isa = PBXFileReference; lastKnownFileType = sourcecode.swift; path = CoreSwiftLibTests.swift; sourceTree = "<group>"; };
		5179D77B1E8B9C8700D5B38D /* Info.plist */ = {isa = PBXFileReference; lastKnownFileType = text.plist.xml; path = Info.plist; sourceTree = "<group>"; };
		5179D7841E8BCCD100D5B38D /* TestSwift.swift */ = {isa = PBXFileReference; fileEncoding = 4; lastKnownFileType = sourcecode.swift; path = TestSwift.swift; sourceTree = "<group>"; };
		5179D7941E8BCF6600D5B38D /* AppDelegate.swift */ = {isa = PBXFileReference; fileEncoding = 4; lastKnownFileType = sourcecode.swift; path = AppDelegate.swift; sourceTree = "<group>"; };
		5179D7951E8BCF6600D5B38D /* ViewController.swift */ = {isa = PBXFileReference; fileEncoding = 4; lastKnownFileType = sourcecode.swift; path = ViewController.swift; sourceTree = "<group>"; };
/* End PBXFileReference section */

/* Begin PBXFrameworksBuildPhase section */
		5179D75E1E8B9C8600D5B38D /* Frameworks */ = {
			isa = PBXFrameworksBuildPhase;
			buildActionMask = 2147483647;
			files = (
			);
			runOnlyForDeploymentPostprocessing = 0;
		};
		5179D7721E8B9C8700D5B38D /* Frameworks */ = {
			isa = PBXFrameworksBuildPhase;
			buildActionMask = 2147483647;
			files = (
			);
			runOnlyForDeploymentPostprocessing = 0;
		};
/* End PBXFrameworksBuildPhase section */

/* Begin PBXGroup section */
		5131C8E21E935E4D00CF5FFA /* Core */ = {
			isa = PBXGroup;
			children = (
				5131C8E31E935E4D00CF5FFA /* ThreadKits */,
			);
			path = Core;
			sourceTree = "<group>";
		};
		5131C8E31E935E4D00CF5FFA /* ThreadKits */ = {
			isa = PBXGroup;
			children = (
				5131C8E41E935E4D00CF5FFA /* BusinessService.swift */,
			);
			path = ThreadKits;
			sourceTree = "<group>";
		};
		5131C8E51E935E4D00CF5FFA /* Extension */ = {
			isa = PBXGroup;
			children = (
				5131C8E61E935E4D00CF5FFA /* NSData+Convert.swift */,
				5131C8E71E935E4D00CF5FFA /* NSObject+NameOfClass.swift */,
			);
			path = Extension;
			sourceTree = "<group>";
		};
		5131C8E81E935E4D00CF5FFA /* Network */ = {
			isa = PBXGroup;
			children = (
				5131C8E91E935E4D00CF5FFA /* API */,
				5131C8EF1E935E4D00CF5FFA /* ServiceListener.swift */,
				5131C8F01E935E4D00CF5FFA /* ServiceResponse.swift */,
			);
			path = Network;
			sourceTree = "<group>";
		};
		5131C8E91E935E4D00CF5FFA /* API */ = {
			isa = PBXGroup;
			children = (
				5131C8EA1E935E4D00CF5FFA /* ActionRequest_ApiService.swift */,
				5131C8EB1E935E4D00CF5FFA /* ActionRequest_BService.swift */,
				5131C8EC1E935E4D00CF5FFA /* ApiService.swift */,
				5131C8ED1E935E4D00CF5FFA /* Loader_ApiService.swift */,
				5131C8EE1E935E4D00CF5FFA /* Loader_BService.swift */,
			);
			path = API;
			sourceTree = "<group>";
		};
		5179D7581E8B9C8600D5B38D = {
			isa = PBXGroup;
			children = (
				5179D7631E8B9C8600D5B38D /* CoreSwiftLib */,
				5179D7781E8B9C8700D5B38D /* CoreSwiftLibTests */,
				5179D7621E8B9C8600D5B38D /* Products */,
			);
			sourceTree = "<group>";
		};
		5179D7621E8B9C8600D5B38D /* Products */ = {
			isa = PBXGroup;
			children = (
				5179D7611E8B9C8600D5B38D /* CoreSwiftLib.app */,
				5179D7751E8B9C8700D5B38D /* CoreSwiftLibTests.xctest */,
			);
			name = Products;
			sourceTree = "<group>";
		};
		5179D7631E8B9C8600D5B38D /* CoreSwiftLib */ = {
			isa = PBXGroup;
			children = (
				5131C8E21E935E4D00CF5FFA /* Core */,
				5131C8E51E935E4D00CF5FFA /* Extension */,
				5131C8E81E935E4D00CF5FFA /* Network */,
				5179D7681E8B9C8600D5B38D /* Main.storyboard */,
				5179D76B1E8B9C8600D5B38D /* Assets.xcassets */,
				5179D76D1E8B9C8600D5B38D /* LaunchScreen.storyboard */,
				5179D7841E8BCCD100D5B38D /* TestSwift.swift */,
			);
			path = CoreSwiftLib;
			sourceTree = "<group>";
		};
		5179D7781E8B9C8700D5B38D /* CoreSwiftLibTests */ = {
			isa = PBXGroup;
			children = (
				5179D7941E8BCF6600D5B38D /* AppDelegate.swift */,
				5179D7951E8BCF6600D5B38D /* ViewController.swift */,
				5179D7791E8B9C8700D5B38D /* CoreSwiftLibTests.swift */,
				5179D77B1E8B9C8700D5B38D /* Info.plist */,
			);
			path = CoreSwiftLibTests;
			sourceTree = "<group>";
		};
/* End PBXGroup section */

/* Begin PBXNativeTarget section */
		5179D7601E8B9C8600D5B38D /* CoreSwiftLib */ = {
			isa = PBXNativeTarget;
			buildConfigurationList = 5179D77E1E8B9C8700D5B38D /* Build configuration list for PBXNativeTarget "CoreSwiftLib" */;
			buildPhases = (
				5179D75D1E8B9C8600D5B38D /* Sources */,
				5179D75E1E8B9C8600D5B38D /* Frameworks */,
				5179D75F1E8B9C8600D5B38D /* Resources */,
			);
			buildRules = (
			);
			dependencies = (
			);
			name = CoreSwiftLib;
			productName = CoreSwiftLib;
			productReference = 5179D7611E8B9C8600D5B38D /* CoreSwiftLib.app */;
			productType = "com.apple.product-type.application";
		};
		5179D7741E8B9C8700D5B38D /* CoreSwiftLibTests */ = {
			isa = PBXNativeTarget;
			buildConfigurationList = 5179D7811E8B9C8700D5B38D /* Build configuration list for PBXNativeTarget "CoreSwiftLibTests" */;
			buildPhases = (
				5179D7711E8B9C8700D5B38D /* Sources */,
				5179D7721E8B9C8700D5B38D /* Frameworks */,
				5179D7731E8B9C8700D5B38D /* Resources */,
			);
			buildRules = (
			);
			dependencies = (
				5179D7771E8B9C8700D5B38D /* PBXTargetDependency */,
			);
			name = CoreSwiftLibTests;
			productName = CoreSwiftLibTests;
			productReference = 5179D7751E8B9C8700D5B38D /* CoreSwiftLibTests.xctest */;
			productType = "com.apple.product-type.bundle.unit-test";
		};
/* End PBXNativeTarget section */

/* Begin PBXProject section */
		5179D7591E8B9C8600D5B38D /* Project object */ = {
			isa = PBXProject;
			attributes = {
				LastSwiftUpdateCheck = 0830;
				LastUpgradeCheck = 0830;
				ORGANIZATIONNAME = "ekachai limpisoot";
				TargetAttributes = {
					5179D7601E8B9C8600D5B38D = {
						CreatedOnToolsVersion = 8.3;
						DevelopmentTeam = JGZC6Q8Q3Y;
						ProvisioningStyle = Automatic;
					};
					5179D7741E8B9C8700D5B38D = {
						CreatedOnToolsVersion = 8.3;
						DevelopmentTeam = JGZC6Q8Q3Y;
						ProvisioningStyle = Automatic;
						TestTargetID = 5179D7601E8B9C8600D5B38D;
					};
				};
			};
			buildConfigurationList = 5179D75C1E8B9C8600D5B38D /* Build configuration list for PBXProject "CoreSwiftLib" */;
			compatibilityVersion = "Xcode 3.2";
			developmentRegion = English;
			hasScannedForEncodings = 0;
			knownRegions = (
				en,
				Base,
			);
			mainGroup = 5179D7581E8B9C8600D5B38D;
			productRefGroup = 5179D7621E8B9C8600D5B38D /* Products */;
			projectDirPath = "";
			projectRoot = "";
			targets = (
				5179D7601E8B9C8600D5B38D /* CoreSwiftLib */,
				5179D7741E8B9C8700D5B38D /* CoreSwiftLibTests */,
			);
		};
/* End PBXProject section */

/* Begin PBXResourcesBuildPhase section */
		5179D75F1E8B9C8600D5B38D /* Resources */ = {
			isa = PBXResourcesBuildPhase;
			buildActionMask = 2147483647;
			files = (
				5179D76F1E8B9C8600D5B38D /* LaunchScreen.storyboard in Resources */,
				5179D76C1E8B9C8600D5B38D /* Assets.xcassets in Resources */,
				5179D76A1E8B9C8600D5B38D /* Main.storyboard in Resources */,
			);
			runOnlyForDeploymentPostprocessing = 0;
		};
		5179D7731E8B9C8700D5B38D /* Resources */ = {
			isa = PBXResourcesBuildPhase;
			buildActionMask = 2147483647;
			files = (
			);
			runOnlyForDeploymentPostprocessing = 0;
		};
/* End PBXResourcesBuildPhase section */

/* Begin PBXSourcesBuildPhase section */
		5179D75D1E8B9C8600D5B38D /* Sources */ = {
			isa = PBXSourcesBuildPhase;
			buildActionMask = 2147483647;
			files = (
				5131C8F51E935E4D00CF5FFA /* ActionRequest_BService.swift in Sources */,
				5131C8F41E935E4D00CF5FFA /* ActionRequest_ApiService.swift in Sources */,
				5131C8F81E935E4D00CF5FFA /* Loader_BService.swift in Sources */,
				5131C8F91E935E4D00CF5FFA /* ServiceListener.swift in Sources */,
				5131C8F31E935E4D00CF5FFA /* NSObject+NameOfClass.swift in Sources */,
				5179D7981E8BCF6D00D5B38D /* AppDelegate.swift in Sources */,
				5131C8F21E935E4D00CF5FFA /* NSData+Convert.swift in Sources */,
				5131C8F71E935E4D00CF5FFA /* Loader_ApiService.swift in Sources */,
				5131C8FA1E935E4D00CF5FFA /* ServiceResponse.swift in Sources */,
				5131C8F61E935E4D00CF5FFA /* ApiService.swift in Sources */,
				5131C8F11E935E4D00CF5FFA /* BusinessService.swift in Sources */,
				5179D7991E8BCF6D00D5B38D /* ViewController.swift in Sources */,
				5179D7851E8BCCD100D5B38D /* TestSwift.swift in Sources */,
			);
			runOnlyForDeploymentPostprocessing = 0;
		};
		5179D7711E8B9C8700D5B38D /* Sources */ = {
			isa = PBXSourcesBuildPhase;
			buildActionMask = 2147483647;
			files = (
				5179D7971E8BCF6600D5B38D /* ViewController.swift in Sources */,
				5179D7961E8BCF6600D5B38D /* AppDelegate.swift in Sources */,
				5179D77A1E8B9C8700D5B38D /* CoreSwiftLibTests.swift in Sources */,
			);
			runOnlyForDeploymentPostprocessing = 0;
		};
/* End PBXSourcesBuildPhase section */

/* Begin PBXTargetDependency section */
		5179D7771E8B9C8700D5B38D /* PBXTargetDependency */ = {
			isa = PBXTargetDependency;
			target = 5179D7601E8B9C8600D5B38D /* CoreSwiftLib */;
			targetProxy = 5179D7761E8B9C8700D5B38D /* PBXContainerItemProxy */;
		};
/* End PBXTargetDependency section */

/* Begin PBXVariantGroup section */
		5179D7681E8B9C8600D5B38D /* Main.storyboard */ = {
			isa = PBXVariantGroup;
			children = (
				5179D7691E8B9C8600D5B38D /* Base */,
			);
			name = Main.storyboard;
			sourceTree = "<group>";
		};
		5179D76D1E8B9C8600D5B38D /* LaunchScreen.storyboard */ = {
			isa = PBXVariantGroup;
			children = (
				5179D76E1E8B9C8600D5B38D /* Base */,
			);
			name = LaunchScreen.storyboard;
			sourceTree = "<group>";
		};
/* End PBXVariantGroup section */

/* Begin XCBuildConfiguration section */
		5179D77C1E8B9C8700D5B38D /* Debug */ = {
			isa = XCBuildConfiguration;
			buildSettings = {
				ALWAYS_SEARCH_USER_PATHS = NO;
				CLANG_ANALYZER_NONNULL = YES;
				CLANG_ANALYZER_NUMBER_OBJECT_CONVERSION = YES_AGGRESSIVE;
				CLANG_CXX_LANGUAGE_STANDARD = "gnu++0x";
				CLANG_CXX_LIBRARY = "libc++";
				CLANG_ENABLE_MODULES = YES;
				CLANG_ENABLE_OBJC_ARC = YES;
				CLANG_WARN_BOOL_CONVERSION = YES;
				CLANG_WARN_CONSTANT_CONVERSION = YES;
				CLANG_WARN_DIRECT_OBJC_ISA_USAGE = YES_ERROR;
				CLANG_WARN_DOCUMENTATION_COMMENTS = YES;
				CLANG_WARN_EMPTY_BODY = YES;
				CLANG_WARN_ENUM_CONVERSION = YES;
				CLANG_WARN_INFINITE_RECURSION = YES;
				CLANG_WARN_INT_CONVERSION = YES;
				CLANG_WARN_OBJC_ROOT_CLASS = YES_ERROR;
				CLANG_WARN_SUSPICIOUS_MOVE = YES;
				CLANG_WARN_UNREACHABLE_CODE = YES;
				CLANG_WARN__DUPLICATE_METHOD_MATCH = YES;
				"CODE_SIGN_IDENTITY[sdk=iphoneos*]" = "iPhone Developer";
				COPY_PHASE_STRIP = NO;
				DEBUG_INFORMATION_FORMAT = dwarf;
				ENABLE_STRICT_OBJC_MSGSEND = YES;
				ENABLE_TESTABILITY = YES;
				GCC_C_LANGUAGE_STANDARD = gnu99;
				GCC_DYNAMIC_NO_PIC = NO;
				GCC_NO_COMMON_BLOCKS = YES;
				GCC_OPTIMIZATION_LEVEL = 0;
				GCC_PREPROCESSOR_DEFINITIONS = (
					"DEBUG=1",
					"$(inherited)",
				);
				GCC_WARN_64_TO_32_BIT_CONVERSION = YES;
				GCC_WARN_ABOUT_RETURN_TYPE = YES_ERROR;
				GCC_WARN_UNDECLARED_SELECTOR = YES;
				GCC_WARN_UNINITIALIZED_AUTOS = YES_AGGRESSIVE;
				GCC_WARN_UNUSED_FUNCTION = YES;
				GCC_WARN_UNUSED_VARIABLE = YES;
				IPHONEOS_DEPLOYMENT_TARGET = 10.3;
				MTL_ENABLE_DEBUG_INFO = YES;
				ONLY_ACTIVE_ARCH = YES;
				SDKROOT = iphoneos;
				SWIFT_ACTIVE_COMPILATION_CONDITIONS = DEBUG;
				SWIFT_OPTIMIZATION_LEVEL = "-Onone";
			};
			name = Debug;
		};
		5179D77D1E8B9C8700D5B38D /* Release */ = {
			isa = XCBuildConfiguration;
			buildSettings = {
				ALWAYS_SEARCH_USER_PATHS = NO;
				CLANG_ANALYZER_NONNULL = YES;
				CLANG_ANALYZER_NUMBER_OBJECT_CONVERSION = YES_AGGRESSIVE;
				CLANG_CXX_LANGUAGE_STANDARD = "gnu++0x";
				CLANG_CXX_LIBRARY = "libc++";
				CLANG_ENABLE_MODULES = YES;
				CLANG_ENABLE_OBJC_ARC = YES;
				CLANG_WARN_BOOL_CONVERSION = YES;
				CLANG_WARN_CONSTANT_CONVERSION = YES;
				CLANG_WARN_DIRECT_OBJC_ISA_USAGE = YES_ERROR;
				CLANG_WARN_DOCUMENTATION_COMMENTS = YES;
				CLANG_WARN_EMPTY_BODY = YES;
				CLANG_WARN_ENUM_CONVERSION = YES;
				CLANG_WARN_INFINITE_RECURSION = YES;
				CLANG_WARN_INT_CONVERSION = YES;
				CLANG_WARN_OBJC_ROOT_CLASS = YES_ERROR;
				CLANG_WARN_SUSPICIOUS_MOVE = YES;
				CLANG_WARN_UNREACHABLE_CODE = YES;
				CLANG_WARN__DUPLICATE_METHOD_MATCH = YES;
				"CODE_SIGN_IDENTITY[sdk=iphoneos*]" = "iPhone Developer";
				COPY_PHASE_STRIP = NO;
				DEBUG_INFORMATION_FORMAT = "dwarf-with-dsym";
				ENABLE_NS_ASSERTIONS = NO;
				ENABLE_STRICT_OBJC_MSGSEND = YES;
				GCC_C_LANGUAGE_STANDARD = gnu99;
				GCC_NO_COMMON_BLOCKS = YES;
				GCC_WARN_64_TO_32_BIT_CONVERSION = YES;
				GCC_WARN_ABOUT_RETURN_TYPE = YES_ERROR;
				GCC_WARN_UNDECLARED_SELECTOR = YES;
				GCC_WARN_UNINITIALIZED_AUTOS = YES_AGGRESSIVE;
				GCC_WARN_UNUSED_FUNCTION = YES;
				GCC_WARN_UNUSED_VARIABLE = YES;
				IPHONEOS_DEPLOYMENT_TARGET = 10.3;
				MTL_ENABLE_DEBUG_INFO = NO;
				SDKROOT = iphoneos;
				SWIFT_OPTIMIZATION_LEVEL = "-Owholemodule";
				VALIDATE_PRODUCT = YES;
			};
			name = Release;
		};
		5179D77F1E8B9C8700D5B38D /* Debug */ = {
			isa = XCBuildConfiguration;
			buildSettings = {
				ASSETCATALOG_COMPILER_APPICON_NAME = AppIcon;
				DEVELOPMENT_TEAM = JGZC6Q8Q3Y;
				INFOPLIST_FILE = CoreSwiftLib/Info.plist;
				LD_RUNPATH_SEARCH_PATHS = "$(inherited) @executable_path/Frameworks";
				PRODUCT_BUNDLE_IDENTIFIER = com.23perspective.CoreSwiftLib;
				PRODUCT_NAME = "$(TARGET_NAME)";
				SWIFT_VERSION = 3.0;
			};
			name = Debug;
		};
		5179D7801E8B9C8700D5B38D /* Release */ = {
			isa = XCBuildConfiguration;
			buildSettings = {
				ASSETCATALOG_COMPILER_APPICON_NAME = AppIcon;
				DEVELOPMENT_TEAM = JGZC6Q8Q3Y;
				INFOPLIST_FILE = CoreSwiftLib/Info.plist;
				LD_RUNPATH_SEARCH_PATHS = "$(inherited) @executable_path/Frameworks";
				PRODUCT_BUNDLE_IDENTIFIER = com.23perspective.CoreSwiftLib;
				PRODUCT_NAME = "$(TARGET_NAME)";
				SWIFT_VERSION = 3.0;
			};
			name = Release;
		};
		5179D7821E8B9C8700D5B38D /* Debug */ = {
			isa = XCBuildConfiguration;
			buildSettings = {
				ALWAYS_EMBED_SWIFT_STANDARD_LIBRARIES = YES;
				BUNDLE_LOADER = "$(TEST_HOST)";
				DEVELOPMENT_TEAM = JGZC6Q8Q3Y;
				INFOPLIST_FILE = CoreSwiftLibTests/Info.plist;
				LD_RUNPATH_SEARCH_PATHS = "$(inherited) @executable_path/Frameworks @loader_path/Frameworks";
				PRODUCT_BUNDLE_IDENTIFIER = com.23perspective.CoreSwiftLibTests;
				PRODUCT_NAME = "$(TARGET_NAME)";
				SWIFT_VERSION = 3.0;
				TEST_HOST = "$(BUILT_PRODUCTS_DIR)/CoreSwiftLib.app/CoreSwiftLib";
			};
			name = Debug;
		};
		5179D7831E8B9C8700D5B38D /* Release */ = {
			isa = XCBuildConfiguration;
			buildSettings = {
				ALWAYS_EMBED_SWIFT_STANDARD_LIBRARIES = YES;
				BUNDLE_LOADER = "$(TEST_HOST)";
				DEVELOPMENT_TEAM = JGZC6Q8Q3Y;
				INFOPLIST_FILE = CoreSwiftLibTests/Info.plist;
				LD_RUNPATH_SEARCH_PATHS = "$(inherited) @executable_path/Frameworks @loader_path/Frameworks";
				PRODUCT_BUNDLE_IDENTIFIER = com.23perspective.CoreSwiftLibTests;
				PRODUCT_NAME = "$(TARGET_NAME)";
				SWIFT_VERSION = 3.0;
				TEST_HOST = "$(BUILT_PRODUCTS_DIR)/CoreSwiftLib.app/CoreSwiftLib";
			};
			name = Release;
		};
/* End XCBuildConfiguration section */

/* Begin XCConfigurationList section */
		5179D75C1E8B9C8600D5B38D /* Build configuration list for PBXProject "CoreSwiftLib" */ = {
			isa = XCConfigurationList;
			buildConfigurations = (
				5179D77C1E8B9C8700D5B38D /* Debug */,
				5179D77D1E8B9C8700D5B38D /* Release */,
			);
			defaultConfigurationIsVisible = 0;
			defaultConfigurationName = Release;
		};
		5179D77E1E8B9C8700D5B38D /* Build configuration list for PBXNativeTarget "CoreSwiftLib" */ = {
			isa = XCConfigurationList;
			buildConfigurations = (
				5179D77F1E8B9C8700D5B38D /* Debug */,
				5179D7801E8B9C8700D5B38D /* Release */,
			);
			defaultConfigurationIsVisible = 0;
			defaultConfigurationName = Release;
		};
		5179D7811E8B9C8700D5B38D /* Build configuration list for PBXNativeTarget "CoreSwiftLibTests" */ = {
			isa = XCConfigurationList;
			buildConfigurations = (
				5179D7821E8B9C8700D5B38D /* Debug */,
				5179D7831E8B9C8700D5B38D /* Release */,
			);
			defaultConfigurationIsVisible = 0;
			defaultConfigurationName = Release;
		};
/* End XCConfigurationList section */
	};
	rootObject = 5179D7591E8B9C8600D5B38D /* Project object */;
}
